
Microsoft Visual Studio Solution File, Format Version 12.00
# Visual Studio Version 16
VisualStudioVersion = 16.0.32002.261
MinimumVisualStudioVersion = 10.0.40219.1
Project("{FAE04EC0-301F-11D3-BF4B-00C04F79EFBC}") = "OperatingSystemProject", "OperatingSystemProject\OperatingSystemProject.csproj", "{E14FA6C6-0FBA-4B2F-8560-7959AD823142}"
EndProject
Global
	GlobalSection(SolutionConfigurationPlatforms) = preSolution
		Debug|Any CPU = Debug|Any CPU
		Release|Any CPU = Release|Any CPU
	EndGlobalSection
	GlobalSection(ProjectConfigurationPlatforms) = postSolution
		{E14FA6C6-0FBA-4B2F-8560-7959AD823142}.Debug|Any CPU.ActiveCfg = Debug|Any CPU
		{E14FA6C6-0FBA-4B2F-8560-7959AD823142}.Debug|Any CPU.Build.0 = Debug|Any CPU
		{E14FA6C6-0FBA-4B2F-8560-7959AD823142}.Release|Any CPU.ActiveCfg = Release|Any CPU
		{E14FA6C6-0FBA-4B2F-8560-7959AD823142}.Release|Any CPU.Build.0 = Release|Any CPU
	EndGlobalSection
	GlobalSection(SolutionProperties) = preSolution
		HideSolutionNode = FALSE
	EndGlobalSection
	GlobalSection(ExtensibilityGlobals) = postSolution
		SolutionGuid = {41D65D59-3FED-474C-B3BC-D26ED9469021}
	EndGlobalSection
EndGlobal
